
Microsoft Visual Studio Solution File, Format Version 12.00
# Visual Studio Version 17
VisualStudioVersion = 17.1.32421.90
MinimumVisualStudioVersion = 10.0.40219.1
Project("{9A19103F-16F7-4668-BE54-9A1E7A4F7556}") = "DendroGH", "DendroGH\DendroGH.csproj", "{A2D765BC-B21D-46CE-AB0F-952D979DD7D6}"
	ProjectSection(ProjectDependencies) = postProject
		{5D5ADC3D-160E-44B1-A1BA-C3625191EA40} = {5D5ADC3D-160E-44B1-A1BA-C3625191EA40}
	EndProjectSection
EndProject
Project("{8BC9CEB8-8B4A-11D0-8D11-00A0C91BC942}") = "DendroAPI", "DendroAPI\DendroAPI.vcxproj", "{5D5ADC3D-160E-44B1-A1BA-C3625191EA40}"
EndProject
Project("{2150E333-8FDC-42A3-9474-1A3956D46DE8}") = "Solution Items", "Solution Items", "{FD62CB38-8E5A-4D43-9C5B-861A86982E05}"
	ProjectSection(SolutionItems) = preProject
		.clang-format = .clang-format
		.editorconfig = .editorconfig
		.git-blame-ignore-revs.txt = .git-blame-ignore-revs.txt
		README.md = README.md
		vcpkg.json = vcpkg.json
		vcpkg\triplets\x64-windows-mixed.cmake = vcpkg\triplets\x64-windows-mixed.cmake
	EndProjectSection
EndProject
Global
	GlobalSection(SolutionConfigurationPlatforms) = preSolution
		Debug|Any CPU = Debug|Any CPU
		Debug|x64 = Debug|x64
		Debug|x86 = Debug|x86
		Release|Any CPU = Release|Any CPU
		Release|x64 = Release|x64
		Release|x86 = Release|x86
	EndGlobalSection
	GlobalSection(ProjectConfigurationPlatforms) = postSolution
		{A2D765BC-B21D-46CE-AB0F-952D979DD7D6}.Debug|Any CPU.ActiveCfg = Debug|Any CPU
		{A2D765BC-B21D-46CE-AB0F-952D979DD7D6}.Debug|Any CPU.Build.0 = Debug|Any CPU
		{A2D765BC-B21D-46CE-AB0F-952D979DD7D6}.Debug|x64.ActiveCfg = Debug|Any CPU
		{A2D765BC-B21D-46CE-AB0F-952D979DD7D6}.Debug|x64.Build.0 = Debug|Any CPU
		{A2D765BC-B21D-46CE-AB0F-952D979DD7D6}.Debug|x86.ActiveCfg = Debug|Any CPU
		{A2D765BC-B21D-46CE-AB0F-952D979DD7D6}.Debug|x86.Build.0 = Debug|Any CPU
		{A2D765BC-B21D-46CE-AB0F-952D979DD7D6}.Release|Any CPU.ActiveCfg = Release|Any CPU
		{A2D765BC-B21D-46CE-AB0F-952D979DD7D6}.Release|Any CPU.Build.0 = Release|Any CPU
		{A2D765BC-B21D-46CE-AB0F-952D979DD7D6}.Release|x64.ActiveCfg = Release|Any CPU
		{A2D765BC-B21D-46CE-AB0F-952D979DD7D6}.Release|x64.Build.0 = Release|Any CPU
		{A2D765BC-B21D-46CE-AB0F-952D979DD7D6}.Release|x86.ActiveCfg = Release|Any CPU
		{A2D765BC-B21D-46CE-AB0F-952D979DD7D6}.Release|x86.Build.0 = Release|Any CPU
		{5D5ADC3D-160E-44B1-A1BA-C3625191EA40}.Debug|Any CPU.ActiveCfg = Debug|x64
		{5D5ADC3D-160E-44B1-A1BA-C3625191EA40}.Debug|Any CPU.Build.0 = Debug|x64
		{5D5ADC3D-160E-44B1-A1BA-C3625191EA40}.Debug|x64.ActiveCfg = Debug|x64
		{5D5ADC3D-160E-44B1-A1BA-C3625191EA40}.Debug|x64.Build.0 = Debug|x64
		{5D5ADC3D-160E-44B1-A1BA-C3625191EA40}.Debug|x86.ActiveCfg = Debug|Win32
		{5D5ADC3D-160E-44B1-A1BA-C3625191EA40}.Debug|x86.Build.0 = Debug|Win32
		{5D5ADC3D-160E-44B1-A1BA-C3625191EA40}.Release|Any CPU.ActiveCfg = Release|x64
		{5D5ADC3D-160E-44B1-A1BA-C3625191EA40}.Release|Any CPU.Build.0 = Release|x64
		{5D5ADC3D-160E-44B1-A1BA-C3625191EA40}.Release|x64.ActiveCfg = Release|x64
		{5D5ADC3D-160E-44B1-A1BA-C3625191EA40}.Release|x64.Build.0 = Release|x64
		{5D5ADC3D-160E-44B1-A1BA-C3625191EA40}.Release|x86.ActiveCfg = Release|Win32
		{5D5ADC3D-160E-44B1-A1BA-C3625191EA40}.Release|x86.Build.0 = Release|Win32
	EndGlobalSection
	GlobalSection(SolutionProperties) = preSolution
		HideSolutionNode = FALSE
	EndGlobalSection
	GlobalSection(ExtensibilityGlobals) = postSolution
		SolutionGuid = {7DF3883B-E829-4E70-9D1C-AC974C67A8E1}
	EndGlobalSection
EndGlobal
